
Microsoft Visual Studio Solution File, Format Version 12.00
# Visual Studio Version 17
VisualStudioVersion = 17.5.002.0
MinimumVisualStudioVersion = 10.0.40219.1
Project("{9A19103F-16F7-4668-BE54-9A1E7A4F7556}") = "TravelPlannerAPI", "TravelPlannerAPI\TravelPlannerAPI.csproj", "{389B0976-C3E4-4C10-B96D-A31BD3FFDBB4}"
EndProject
Global
	GlobalSection(SolutionConfigurationPlatforms) = preSolution
		Debug|Any CPU = Debug|Any CPU
		Release|Any CPU = Release|Any CPU
	EndGlobalSection
	GlobalSection(ProjectConfigurationPlatforms) = postSolution
		{389B0976-C3E4-4C10-B96D-A31BD3FFDBB4}.Debug|Any CPU.ActiveCfg = Debug|Any CPU
		{389B0976-C3E4-4C10-B96D-A31BD3FFDBB4}.Debug|Any CPU.Build.0 = Debug|Any CPU
		{389B0976-C3E4-4C10-B96D-A31BD3FFDBB4}.Release|Any CPU.ActiveCfg = Release|Any CPU
		{389B0976-C3E4-4C10-B96D-A31BD3FFDBB4}.Release|Any CPU.Build.0 = Release|Any CPU
	EndGlobalSection
	GlobalSection(SolutionProperties) = preSolution
		HideSolutionNode = FALSE
	EndGlobalSection
	GlobalSection(ExtensibilityGlobals) = postSolution
		SolutionGuid = {7B74D944-10DC-431C-B04A-6DBAE2591143}
	EndGlobalSection
EndGlobal
